// !$*UTF8*$!
{
	archiveVersion = 1;
	classes = {
	};
	objectVersion = 46;
	objects = {

/* Begin PBXBuildFile section */
		1873679D1C9438C000036EBF /* main.m in Sources */ = {isa = PBXBuildFile; fileRef = 1873679C1C9438C000036EBF /* main.m */; };
		187367A01C9438C000036EBF /* AppDelegate.m in Sources */ = {isa = PBXBuildFile; fileRef = 1873679F1C9438C000036EBF /* AppDelegate.m */; };
		187367A31C9438C000036EBF /* ViewController.m in Sources */ = {isa = PBXBuildFile; fileRef = 187367A21C9438C000036EBF /* ViewController.m */; };
		187367A61C9438C000036EBF /* Main.storyboard in Resources */ = {isa = PBXBuildFile; fileRef = 187367A41C9438C000036EBF /* Main.storyboard */; };
		187367A81C9438C000036EBF /* Assets.xcassets in Resources */ = {isa = PBXBuildFile; fileRef = 187367A71C9438C000036EBF /* Assets.xcassets */; };
		187367AB1C9438C000036EBF /* LaunchScreen.storyboard in Resources */ = {isa = PBXBuildFile; fileRef = 187367A91C9438C000036EBF /* LaunchScreen.storyboard */; };
/* End PBXBuildFile section */

/* Begin PBXFileReference section */
		187367981C9438C000036EBF /* MeiTuan.app */ = {isa = PBXFileReference; explicitFileType = wrapper.application; includeInIndex = 0; path = MeiTuan.app; sourceTree = BUILT_PRODUCTS_DIR; };
		1873679C1C9438C000036EBF /* main.m */ = {isa = PBXFileReference; lastKnownFileType = sourcecode.c.objc; path = main.m; sourceTree = "<group>"; };
		1873679E1C9438C000036EBF /* AppDelegate.h */ = {isa = PBXFileReference; lastKnownFileType = sourcecode.c.h; path = AppDelegate.h; sourceTree = "<group>"; };
		1873679F1C9438C000036EBF /* AppDelegate.m */ = {isa = PBXFileReference; lastKnownFileType = sourcecode.c.objc; path = AppDelegate.m; sourceTree = "<group>"; };
		187367A11C9438C000036EBF /* ViewController.h */ = {isa = PBXFileReference; lastKnownFileType = sourcecode.c.h; path = ViewController.h; sourceTree = "<group>"; };
		187367A21C9438C000036EBF /* ViewController.m */ = {isa = PBXFileReference; lastKnownFileType = sourcecode.c.objc; path = ViewController.m; sourceTree = "<group>"; };
		187367A51C9438C000036EBF /* Base */ = {isa = PBXFileReference; lastKnownFileType = file.storyboard; name = Base; path = Base.lproj/Main.storyboard; sourceTree = "<group>"; };
		187367A71C9438C000036EBF /* Assets.xcassets */ = {isa = PBXFileReference; lastKnownFileType = folder.assetcatalog; path = Assets.xcassets; sourceTree = "<group>"; };
		187367AA1C9438C000036EBF /* Base */ = {isa = PBXFileReference; lastKnownFileType = file.storyboard; name = Base; path = Base.lproj/LaunchScreen.storyboard; sourceTree = "<group>"; };
		187367AC1C9438C000036EBF /* Info.plist */ = {isa = PBXFileReference; lastKnownFileType = text.plist.xml; path = Info.plist; sourceTree = "<group>"; };
/* End PBXFileReference section */

/* Begin PBXFrameworksBuildPhase section */
		187367951C9438C000036EBF /* Frameworks */ = {
			isa = PBXFrameworksBuildPhase;
			buildActionMask = 2147483647;
			files = (
			);
			runOnlyForDeploymentPostprocessing = 0;
		};
/* End PBXFrameworksBuildPhase section */

/* Begin PBXGroup section */
		1873678F1C9438C000036EBF = {
			isa = PBXGroup;
			children = (
				1873679A1C9438C000036EBF /* MeiTuan */,
				187367991C9438C000036EBF /* Products */,
			);
			sourceTree = "<group>";
		};
		187367991C9438C000036EBF /* Products */ = {
			isa = PBXGroup;
			children = (
				187367981C9438C000036EBF /* MeiTuan.app */,
			);
			name = Products;
			sourceTree = "<group>";
		};
		1873679A1C9438C000036EBF /* MeiTuan */ = {
			isa = PBXGroup;
			children = (
				1873679E1C9438C000036EBF /* AppDelegate.h */,
				1873679F1C9438C000036EBF /* AppDelegate.m */,
				187367A11C9438C000036EBF /* ViewController.h */,
				187367A21C9438C000036EBF /* ViewController.m */,
				187367A41C9438C000036EBF /* Main.storyboard */,
				187367A71C9438C000036EBF /* Assets.xcassets */,
				187367A91C9438C000036EBF /* LaunchScreen.storyboard */,
				187367AC1C9438C000036EBF /* Info.plist */,
				1873679B1C9438C000036EBF /* Supporting Files */,
			);
			path = MeiTuan;
			sourceTree = "<group>";
		};
		1873679B1C9438C000036EBF /* Supporting Files */ = {
			isa = PBXGroup;
			children = (
				1873679C1C9438C000036EBF /* main.m */,
			);
			name = "Supporting Files";
			sourceTree = "<group>";
		};
/* End PBXGroup section */

/* Begin PBXNativeTarget section */
		187367971C9438C000036EBF /* MeiTuan */ = {
			isa = PBXNativeTarget;
			buildConfigurationList = 187367AF1C9438C000036EBF /* Build configuration list for PBXNativeTarget "MeiTuan" */;
			buildPhases = (
				187367941C9438C000036EBF /* Sources */,
				187367951C9438C000036EBF /* Frameworks */,
				187367961C9438C000036EBF /* Resources */,
			);
			buildRules = (
			);
			dependencies = (
			);
			name = MeiTuan;
			productName = MeiTuan;
			productReference = 187367981C9438C000036EBF /* MeiTuan.app */;
			productType = "com.apple.product-type.application";
		};
/* End PBXNativeTarget section */

/* Begin PBXProject section */
		187367901C9438C000036EBF /* Project object */ = {
			isa = PBXProject;
			attributes = {
				LastUpgradeCheck = 0720;
				ORGANIZATIONNAME = apple;
				TargetAttributes = {
					187367971C9438C000036EBF = {
						CreatedOnToolsVersion = 7.2;
					};
				};
			};
			buildConfigurationList = 187367931C9438C000036EBF /* Build configuration list for PBXProject "MeiTuan" */;
			compatibilityVersion = "Xcode 3.2";
			developmentRegion = English;
			hasScannedForEncodings = 0;
			knownRegions = (
				en,
				Base,
			);
			mainGroup = 1873678F1C9438C000036EBF;
			productRefGroup = 187367991C9438C000036EBF /* Products */;
			projectDirPath = "";
			projectRoot = "";
			targets = (
				187367971C9438C000036EBF /* MeiTuan */,
			);
		};
/* End PBXProject section */

/* Begin PBXResourcesBuildPhase section */
		187367961C9438C000036EBF /* Resources */ = {
			isa = PBXResourcesBuildPhase;
			buildActionMask = 2147483647;
			files = (
				187367AB1C9438C000036EBF /* LaunchScreen.storyboard in Resources */,
				187367A81C9438C000036EBF /* Assets.xcassets in Resources */,
				187367A61C9438C000036EBF /* Main.storyboard in Resources */,
			);
			runOnlyForDeploymentPostprocessing = 0;
		};
/* End PBXResourcesBuildPhase section */

/* Begin PBXSourcesBuildPhase section */
		187367941C9438C000036EBF /* Sources */ = {
			isa = PBXSourcesBuildPhase;
			buildActionMask = 2147483647;
			files = (
				187367A31C9438C000036EBF /* ViewController.m in Sources */,
				187367A01C9438C000036EBF /* AppDelegate.m in Sources */,
				1873679D1C9438C000036EBF /* main.m in Sources */,
			);
			runOnlyForDeploymentPostprocessing = 0;
		};
/* End PBXSourcesBuildPhase section */

/* Begin PBXVariantGroup section */
		187367A41C9438C000036EBF /* Main.storyboard */ = {
			isa = PBXVariantGroup;
			children = (
				187367A51C9438C000036EBF /* Base */,
			);
			name = Main.storyboard;
			sourceTree = "<group>";
		};
		187367A91C9438C000036EBF /* LaunchScreen.storyboard */ = {
			isa = PBXVariantGroup;
			children = (
				187367AA1C9438C000036EBF /* Base */,
			);
			name = LaunchScreen.storyboard;
			sourceTree = "<group>";
		};
/* End PBXVariantGroup section */

/* Begin XCBuildConfiguration section */
		187367AD1C9438C000036EBF /* Debug */ = {
			isa = XCBuildConfiguration;
			buildSettings = {
				ALWAYS_SEARCH_USER_PATHS = NO;
				CLANG_CXX_LANGUAGE_STANDARD = "gnu++0x";
				CLANG_CXX_LIBRARY = "libc++";
				CLANG_ENABLE_MODULES = YES;
				CLANG_ENABLE_OBJC_ARC = YES;
				CLANG_WARN_BOOL_CONVERSION = YES;
				CLANG_WARN_CONSTANT_CONVERSION = YES;
				CLANG_WARN_DIRECT_OBJC_ISA_USAGE = YES_ERROR;
				CLANG_WARN_EMPTY_BODY = YES;
				CLANG_WARN_ENUM_CONVERSION = YES;
				CLANG_WARN_INT_CONVERSION = YES;
				CLANG_WARN_OBJC_ROOT_CLASS = YES_ERROR;
				CLANG_WARN_UNREACHABLE_CODE = YES;
				CLANG_WARN__DUPLICATE_METHOD_MATCH = YES;
				"CODE_SIGN_IDENTITY[sdk=iphoneos*]" = "iPhone Developer";
				COPY_PHASE_STRIP = NO;
				DEBUG_INFORMATION_FORMAT = dwarf;
				ENABLE_STRICT_OBJC_MSGSEND = YES;
				ENABLE_TESTABILITY = YES;
				GCC_C_LANGUAGE_STANDARD = gnu99;
				GCC_DYNAMIC_NO_PIC = NO;
				GCC_NO_COMMON_BLOCKS = YES;
				GCC_OPTIMIZATION_LEVEL = 0;
				GCC_PREPROCESSOR_DEFINITIONS = (
					"DEBUG=1",
					"$(inherited)",
				);
				GCC_WARN_64_TO_32_BIT_CONVERSION = YES;
				GCC_WARN_ABOUT_RETURN_TYPE = YES_ERROR;
				GCC_WARN_UNDECLARED_SELECTOR = YES;
				GCC_WARN_UNINITIALIZED_AUTOS = YES_AGGRESSIVE;
				GCC_WARN_UNUSED_FUNCTION = YES;
				GCC_WARN_UNUSED_VARIABLE = YES;
				IPHONEOS_DEPLOYMENT_TARGET = 9.2;
				MTL_ENABLE_DEBUG_INFO = YES;
				ONLY_ACTIVE_ARCH = YES;
				SDKROOT = iphoneos;
				TARGETED_DEVICE_FAMILY = "1,2";
			};
			name = Debug;
		};
		187367AE1C9438C000036EBF /* Release */ = {
			isa = XCBuildConfiguration;
			buildSettings = {
				ALWAYS_SEARCH_USER_PATHS = NO;
				CLANG_CXX_LANGUAGE_STANDARD = "gnu++0x";
				CLANG_CXX_LIBRARY = "libc++";
				CLANG_ENABLE_MODULES = YES;
				CLANG_ENABLE_OBJC_ARC = YES;
				CLANG_WARN_BOOL_CONVERSION = YES;
				CLANG_WARN_CONSTANT_CONVERSION = YES;
				CLANG_WARN_DIRECT_OBJC_ISA_USAGE = YES_ERROR;
				CLANG_WARN_EMPTY_BODY = YES;
				CLANG_WARN_ENUM_CONVERSION = YES;
				CLANG_WARN_INT_CONVERSION = YES;
				CLANG_WARN_OBJC_ROOT_CLASS = YES_ERROR;
				CLANG_WARN_UNREACHABLE_CODE = YES;
				CLANG_WARN__DUPLICATE_METHOD_MATCH = YES;
				"CODE_SIGN_IDENTITY[sdk=iphoneos*]" = "iPhone Developer";
				COPY_PHASE_STRIP = NO;
				DEBUG_INFORMATION_FORMAT = "dwarf-with-dsym";
				ENABLE_NS_ASSERTIONS = NO;
				ENABLE_STRICT_OBJC_MSGSEND = YES;
				GCC_C_LANGUAGE_STANDARD = gnu99;
				GCC_NO_COMMON_BLOCKS = YES;
				GCC_WARN_64_TO_32_BIT_CONVERSION = YES;
				GCC_WARN_ABOUT_RETURN_TYPE = YES_ERROR;
				GCC_WARN_UNDECLARED_SELECTOR = YES;
				GCC_WARN_UNINITIALIZED_AUTOS = YES_AGGRESSIVE;
				GCC_WARN_UNUSED_FUNCTION = YES;
				GCC_WARN_UNUSED_VARIABLE = YES;
				IPHONEOS_DEPLOYMENT_TARGET = 9.2;
				MTL_ENABLE_DEBUG_INFO = NO;
				SDKROOT = iphoneos;
				TARGETED_DEVICE_FAMILY = "1,2";
				VALIDATE_PRODUCT = YES;
			};
			name = Release;
		};
		187367B01C9438C000036EBF /* Debug */ = {
			isa = XCBuildConfiguration;
			buildSettings = {
				ASSETCATALOG_COMPILER_APPICON_NAME = AppIcon;
				INFOPLIST_FILE = MeiTuan/Info.plist;
				LD_RUNPATH_SEARCH_PATHS = "$(inherited) @executable_path/Frameworks";
				PRODUCT_BUNDLE_IDENTIFIER = kang.MeiTuan;
				PRODUCT_NAME = "$(TARGET_NAME)";
			};
			name = Debug;
		};
		187367B11C9438C000036EBF /* Release */ = {
			isa = XCBuildConfiguration;
			buildSettings = {
				ASSETCATALOG_COMPILER_APPICON_NAME = AppIcon;
				INFOPLIST_FILE = MeiTuan/Info.plist;
				LD_RUNPATH_SEARCH_PATHS = "$(inherited) @executable_path/Frameworks";
				PRODUCT_BUNDLE_IDENTIFIER = kang.MeiTuan;
				PRODUCT_NAME = "$(TARGET_NAME)";
			};
			name = Release;
		};
/* End XCBuildConfiguration section */

/* Begin XCConfigurationList section */
		187367931C9438C000036EBF /* Build configuration list for PBXProject "MeiTuan" */ = {
			isa = XCConfigurationList;
			buildConfigurations = (
				187367AD1C9438C000036EBF /* Debug */,
				187367AE1C9438C000036EBF /* Release */,
			);
			defaultConfigurationIsVisible = 0;
			defaultConfigurationName = Release;
		};
		187367AF1C9438C000036EBF /* Build configuration list for PBXNativeTarget "MeiTuan" */ = {
			isa = XCConfigurationList;
			buildConfigurations = (
				187367B01C9438C000036EBF /* Debug */,
				187367B11C9438C000036EBF /* Release */,
			);
			defaultConfigurationIsVisible = 0;
		};
/* End XCConfigurationList section */
	};
	rootObject = 187367901C9438C000036EBF /* Project object */;
}
